
Microsoft Visual Studio Solution File, Format Version 12.00
# Visual Studio Version 16
VisualStudioVersion = 16.0.30011.22
MinimumVisualStudioVersion = 10.0.40219.1
Project("{FAE04EC0-301F-11D3-BF4B-00C04F79EFBC}") = "ProjectTrackerUI", "ProjectTrackerUI\ProjectTrackerUI.csproj", "{3545087A-009F-445A-87FF-11F7D9E23654}"
EndProject
Project("{FAE04EC0-301F-11D3-BF4B-00C04F79EFBC}") = "TrackerLibrary", "TrackerLibrary\TrackerLibrary.csproj", "{950CEF91-42CD-4813-986A-835B41CD9BEC}"
EndProject
Global
	GlobalSection(SolutionConfigurationPlatforms) = preSolution
		Debug|Any CPU = Debug|Any CPU
		Debug|ARM = Debug|ARM
		Debug|ARM64 = Debug|ARM64
		Debug|x64 = Debug|x64
		Debug|x86 = Debug|x86
		Release|Any CPU = Release|Any CPU
		Release|ARM = Release|ARM
		Release|ARM64 = Release|ARM64
		Release|x64 = Release|x64
		Release|x86 = Release|x86
	EndGlobalSection
	GlobalSection(ProjectConfigurationPlatforms) = postSolution
		{3545087A-009F-445A-87FF-11F7D9E23654}.Debug|Any CPU.ActiveCfg = Debug|Any CPU
		{3545087A-009F-445A-87FF-11F7D9E23654}.Debug|Any CPU.Build.0 = Debug|Any CPU
		{3545087A-009F-445A-87FF-11F7D9E23654}.Debug|ARM.ActiveCfg = Debug|Any CPU
		{3545087A-009F-445A-87FF-11F7D9E23654}.Debug|ARM.Build.0 = Debug|Any CPU
		{3545087A-009F-445A-87FF-11F7D9E23654}.Debug|ARM64.ActiveCfg = Debug|Any CPU
		{3545087A-009F-445A-87FF-11F7D9E23654}.Debug|ARM64.Build.0 = Debug|Any CPU
		{3545087A-009F-445A-87FF-11F7D9E23654}.Debug|x64.ActiveCfg = Debug|Any CPU
		{3545087A-009F-445A-87FF-11F7D9E23654}.Debug|x64.Build.0 = Debug|Any CPU
		{3545087A-009F-445A-87FF-11F7D9E23654}.Debug|x86.ActiveCfg = Debug|Any CPU
		{3545087A-009F-445A-87FF-11F7D9E23654}.Debug|x86.Build.0 = Debug|Any CPU
		{3545087A-009F-445A-87FF-11F7D9E23654}.Release|Any CPU.ActiveCfg = Release|Any CPU
		{3545087A-009F-445A-87FF-11F7D9E23654}.Release|Any CPU.Build.0 = Release|Any CPU
		{3545087A-009F-445A-87FF-11F7D9E23654}.Release|ARM.ActiveCfg = Release|Any CPU
		{3545087A-009F-445A-87FF-11F7D9E23654}.Release|ARM.Build.0 = Release|Any CPU
		{3545087A-009F-445A-87FF-11F7D9E23654}.Release|ARM64.ActiveCfg = Release|Any CPU
		{3545087A-009F-445A-87FF-11F7D9E23654}.Release|ARM64.Build.0 = Release|Any CPU
		{3545087A-009F-445A-87FF-11F7D9E23654}.Release|x64.ActiveCfg = Release|Any CPU
		{3545087A-009F-445A-87FF-11F7D9E23654}.Release|x64.Build.0 = Release|Any CPU
		{3545087A-009F-445A-87FF-11F7D9E23654}.Release|x86.ActiveCfg = Release|Any CPU
		{3545087A-009F-445A-87FF-11F7D9E23654}.Release|x86.Build.0 = Release|Any CPU
		{950CEF91-42CD-4813-986A-835B41CD9BEC}.Debug|Any CPU.ActiveCfg = Debug|Any CPU
		{950CEF91-42CD-4813-986A-835B41CD9BEC}.Debug|Any CPU.Build.0 = Debug|Any CPU
		{950CEF91-42CD-4813-986A-835B41CD9BEC}.Debug|ARM.ActiveCfg = Debug|Any CPU
		{950CEF91-42CD-4813-986A-835B41CD9BEC}.Debug|ARM.Build.0 = Debug|Any CPU
		{950CEF91-42CD-4813-986A-835B41CD9BEC}.Debug|ARM64.ActiveCfg = Debug|Any CPU
		{950CEF91-42CD-4813-986A-835B41CD9BEC}.Debug|ARM64.Build.0 = Debug|Any CPU
		{950CEF91-42CD-4813-986A-835B41CD9BEC}.Debug|x64.ActiveCfg = Debug|Any CPU
		{950CEF91-42CD-4813-986A-835B41CD9BEC}.Debug|x64.Build.0 = Debug|Any CPU
		{950CEF91-42CD-4813-986A-835B41CD9BEC}.Debug|x86.ActiveCfg = Debug|Any CPU
		{950CEF91-42CD-4813-986A-835B41CD9BEC}.Debug|x86.Build.0 = Debug|Any CPU
		{950CEF91-42CD-4813-986A-835B41CD9BEC}.Release|Any CPU.ActiveCfg = Release|Any CPU
		{950CEF91-42CD-4813-986A-835B41CD9BEC}.Release|Any CPU.Build.0 = Release|Any CPU
		{950CEF91-42CD-4813-986A-835B41CD9BEC}.Release|ARM.ActiveCfg = Release|Any CPU
		{950CEF91-42CD-4813-986A-835B41CD9BEC}.Release|ARM.Build.0 = Release|Any CPU
		{950CEF91-42CD-4813-986A-835B41CD9BEC}.Release|ARM64.ActiveCfg = Release|Any CPU
		{950CEF91-42CD-4813-986A-835B41CD9BEC}.Release|ARM64.Build.0 = Release|Any CPU
		{950CEF91-42CD-4813-986A-835B41CD9BEC}.Release|x64.ActiveCfg = Release|Any CPU
		{950CEF91-42CD-4813-986A-835B41CD9BEC}.Release|x64.Build.0 = Release|Any CPU
		{950CEF91-42CD-4813-986A-835B41CD9BEC}.Release|x86.ActiveCfg = Release|Any CPU
		{950CEF91-42CD-4813-986A-835B41CD9BEC}.Release|x86.Build.0 = Release|Any CPU
	EndGlobalSection
	GlobalSection(SolutionProperties) = preSolution
		HideSolutionNode = FALSE
	EndGlobalSection
	GlobalSection(ExtensibilityGlobals) = postSolution
		SolutionGuid = {A7FC1748-9CDB-4A52-BE84-F4C590555720}
	EndGlobalSection
EndGlobal
